// !$*UTF8*$!
{
	archiveVersion = 1;
	classes = {
	};
	objectVersion = 50;
	objects = {

/* Begin PBXBuildFile section */
		71E318A0F9F51C22964D44CF /* Pods_WeAsean2.framework in Frameworks */ = {isa = PBXBuildFile; fileRef = 41555CE32A3EF3BA61267C7A /* Pods_WeAsean2.framework */; };
		8805EF5220F748E800C12C2F /* TabBarController.swift in Sources */ = {isa = PBXBuildFile; fileRef = 8805EF5120F748E700C12C2F /* TabBarController.swift */; };
		881B042620F885F600D0B017 /* ImageCollectionViewCell.swift in Sources */ = {isa = PBXBuildFile; fileRef = 881B042520F885F600D0B017 /* ImageCollectionViewCell.swift */; };
		883A8AAB20F6F4B50081FB9F /* OverviewViewController.swift in Sources */ = {isa = PBXBuildFile; fileRef = 883A8AAA20F6F4B50081FB9F /* OverviewViewController.swift */; };
		883A8AAD20F6FF170081FB9F /* Default-568h@2x.png in Resources */ = {isa = PBXBuildFile; fileRef = 883A8AAC20F6FF170081FB9F /* Default-568h@2x.png */; };
		88708C8620F5A0FB0033D693 /* ThirdPageViewController.swift in Sources */ = {isa = PBXBuildFile; fileRef = 88708C8520F5A0FB0033D693 /* ThirdPageViewController.swift */; };
		8890C65220F843C600FDE409 /* CustomPageController.swift in Sources */ = {isa = PBXBuildFile; fileRef = 8890C65120F843C600FDE409 /* CustomPageController.swift */; };
		8890C65420F8464900FDE409 /* ContentViewController.swift in Sources */ = {isa = PBXBuildFile; fileRef = 8890C65320F8464900FDE409 /* ContentViewController.swift */; };
		88CC392B20F48AAD00A67C55 /* AppDelegate.swift in Sources */ = {isa = PBXBuildFile; fileRef = 88CC392A20F48AAD00A67C55 /* AppDelegate.swift */; };
		88CC392D20F48AAD00A67C55 /* ViewController.swift in Sources */ = {isa = PBXBuildFile; fileRef = 88CC392C20F48AAD00A67C55 /* ViewController.swift */; };
		88CC393020F48AAD00A67C55 /* Main.storyboard in Resources */ = {isa = PBXBuildFile; fileRef = 88CC392E20F48AAD00A67C55 /* Main.storyboard */; };
		88CC393220F48AAF00A67C55 /* Assets.xcassets in Resources */ = {isa = PBXBuildFile; fileRef = 88CC393120F48AAF00A67C55 /* Assets.xcassets */; };
		88CC393520F48AAF00A67C55 /* LaunchScreen.storyboard in Resources */ = {isa = PBXBuildFile; fileRef = 88CC393320F48AAF00A67C55 /* LaunchScreen.storyboard */; };
		88CC394020F48AAF00A67C55 /* WeAsean2Tests.swift in Sources */ = {isa = PBXBuildFile; fileRef = 88CC393F20F48AAF00A67C55 /* WeAsean2Tests.swift */; };
		88CC394B20F48AAF00A67C55 /* WeAsean2UITests.swift in Sources */ = {isa = PBXBuildFile; fileRef = 88CC394A20F48AAF00A67C55 /* WeAsean2UITests.swift */; };
		88CC395B20F4929900A67C55 /* SecondPageControllerViewController.swift in Sources */ = {isa = PBXBuildFile; fileRef = 88CC395A20F4929900A67C55 /* SecondPageControllerViewController.swift */; };
		9B1623E61AFFEE4D1ECDA1E4 /* Pods_WeAsean2UITests.framework in Frameworks */ = {isa = PBXBuildFile; fileRef = 65CED234AFCDD9E6F9D1D870 /* Pods_WeAsean2UITests.framework */; };
		B47639DB495F80CBDA89746B /* Pods_WeAsean2Tests.framework in Frameworks */ = {isa = PBXBuildFile; fileRef = 5F99FD3107726E0519457898 /* Pods_WeAsean2Tests.framework */; };
/* End PBXBuildFile section */

/* Begin PBXContainerItemProxy section */
		88CC393C20F48AAF00A67C55 /* PBXContainerItemProxy */ = {
			isa = PBXContainerItemProxy;
			containerPortal = 88CC391F20F48AAD00A67C55 /* Project object */;
			proxyType = 1;
			remoteGlobalIDString = 88CC392620F48AAD00A67C55;
			remoteInfo = WeAsean2;
		};
		88CC394720F48AAF00A67C55 /* PBXContainerItemProxy */ = {
			isa = PBXContainerItemProxy;
			containerPortal = 88CC391F20F48AAD00A67C55 /* Project object */;
			proxyType = 1;
			remoteGlobalIDString = 88CC392620F48AAD00A67C55;
			remoteInfo = WeAsean2;
		};
/* End PBXContainerItemProxy section */

/* Begin PBXFileReference section */
		112809F27507A14376748614 /* Pods-WeAsean2Tests.debug.xcconfig */ = {isa = PBXFileReference; includeInIndex = 1; lastKnownFileType = text.xcconfig; name = "Pods-WeAsean2Tests.debug.xcconfig"; path = "Pods/Target Support Files/Pods-WeAsean2Tests/Pods-WeAsean2Tests.debug.xcconfig"; sourceTree = "<group>"; };
		2DB57DD62100AEDADBE4DA2E /* Pods-WeAsean2UITests.debug.xcconfig */ = {isa = PBXFileReference; includeInIndex = 1; lastKnownFileType = text.xcconfig; name = "Pods-WeAsean2UITests.debug.xcconfig"; path = "Pods/Target Support Files/Pods-WeAsean2UITests/Pods-WeAsean2UITests.debug.xcconfig"; sourceTree = "<group>"; };
		41555CE32A3EF3BA61267C7A /* Pods_WeAsean2.framework */ = {isa = PBXFileReference; explicitFileType = wrapper.framework; includeInIndex = 0; path = Pods_WeAsean2.framework; sourceTree = BUILT_PRODUCTS_DIR; };
		4DD0930C083798BF701471D1 /* Pods-WeAsean2.release.xcconfig */ = {isa = PBXFileReference; includeInIndex = 1; lastKnownFileType = text.xcconfig; name = "Pods-WeAsean2.release.xcconfig"; path = "Pods/Target Support Files/Pods-WeAsean2/Pods-WeAsean2.release.xcconfig"; sourceTree = "<group>"; };
		51DF769043DE2A323F527239 /* Pods-WeAsean2Tests.release.xcconfig */ = {isa = PBXFileReference; includeInIndex = 1; lastKnownFileType = text.xcconfig; name = "Pods-WeAsean2Tests.release.xcconfig"; path = "Pods/Target Support Files/Pods-WeAsean2Tests/Pods-WeAsean2Tests.release.xcconfig"; sourceTree = "<group>"; };
		5F99FD3107726E0519457898 /* Pods_WeAsean2Tests.framework */ = {isa = PBXFileReference; explicitFileType = wrapper.framework; includeInIndex = 0; path = Pods_WeAsean2Tests.framework; sourceTree = BUILT_PRODUCTS_DIR; };
		65CED234AFCDD9E6F9D1D870 /* Pods_WeAsean2UITests.framework */ = {isa = PBXFileReference; explicitFileType = wrapper.framework; includeInIndex = 0; path = Pods_WeAsean2UITests.framework; sourceTree = BUILT_PRODUCTS_DIR; };
		8805EF5120F748E700C12C2F /* TabBarController.swift */ = {isa = PBXFileReference; fileEncoding = 4; lastKnownFileType = sourcecode.swift; path = TabBarController.swift; sourceTree = "<group>"; };
		881B042520F885F600D0B017 /* ImageCollectionViewCell.swift */ = {isa = PBXFileReference; lastKnownFileType = sourcecode.swift; path = ImageCollectionViewCell.swift; sourceTree = "<group>"; };
		883A8AAA20F6F4B50081FB9F /* OverviewViewController.swift */ = {isa = PBXFileReference; lastKnownFileType = sourcecode.swift; path = OverviewViewController.swift; sourceTree = "<group>"; };
		883A8AAC20F6FF170081FB9F /* Default-568h@2x.png */ = {isa = PBXFileReference; lastKnownFileType = image.png; path = "Default-568h@2x.png"; sourceTree = "<group>"; };
		88708C8520F5A0FB0033D693 /* ThirdPageViewController.swift */ = {isa = PBXFileReference; lastKnownFileType = sourcecode.swift; path = ThirdPageViewController.swift; sourceTree = "<group>"; };
		8890C65120F843C600FDE409 /* CustomPageController.swift */ = {isa = PBXFileReference; lastKnownFileType = sourcecode.swift; path = CustomPageController.swift; sourceTree = "<group>"; };
		8890C65320F8464900FDE409 /* ContentViewController.swift */ = {isa = PBXFileReference; lastKnownFileType = sourcecode.swift; path = ContentViewController.swift; sourceTree = "<group>"; };
		88CC392720F48AAD00A67C55 /* WeAsean2.app */ = {isa = PBXFileReference; explicitFileType = wrapper.application; includeInIndex = 0; path = WeAsean2.app; sourceTree = BUILT_PRODUCTS_DIR; };
		88CC392A20F48AAD00A67C55 /* AppDelegate.swift */ = {isa = PBXFileReference; lastKnownFileType = sourcecode.swift; path = AppDelegate.swift; sourceTree = "<group>"; };
		88CC392C20F48AAD00A67C55 /* ViewController.swift */ = {isa = PBXFileReference; lastKnownFileType = sourcecode.swift; path = ViewController.swift; sourceTree = "<group>"; };
		88CC392F20F48AAD00A67C55 /* Base */ = {isa = PBXFileReference; lastKnownFileType = file.storyboard; name = Base; path = Base.lproj/Main.storyboard; sourceTree = "<group>"; };
		88CC393120F48AAF00A67C55 /* Assets.xcassets */ = {isa = PBXFileReference; lastKnownFileType = folder.assetcatalog; path = Assets.xcassets; sourceTree = "<group>"; };
		88CC393420F48AAF00A67C55 /* Base */ = {isa = PBXFileReference; lastKnownFileType = file.storyboard; name = Base; path = Base.lproj/LaunchScreen.storyboard; sourceTree = "<group>"; };
		88CC393620F48AAF00A67C55 /* Info.plist */ = {isa = PBXFileReference; lastKnownFileType = text.plist.xml; path = Info.plist; sourceTree = "<group>"; };
		88CC393B20F48AAF00A67C55 /* WeAsean2Tests.xctest */ = {isa = PBXFileReference; explicitFileType = wrapper.cfbundle; includeInIndex = 0; path = WeAsean2Tests.xctest; sourceTree = BUILT_PRODUCTS_DIR; };
		88CC393F20F48AAF00A67C55 /* WeAsean2Tests.swift */ = {isa = PBXFileReference; lastKnownFileType = sourcecode.swift; path = WeAsean2Tests.swift; sourceTree = "<group>"; };
		88CC394120F48AAF00A67C55 /* Info.plist */ = {isa = PBXFileReference; lastKnownFileType = text.plist.xml; path = Info.plist; sourceTree = "<group>"; };
		88CC394620F48AAF00A67C55 /* WeAsean2UITests.xctest */ = {isa = PBXFileReference; explicitFileType = wrapper.cfbundle; includeInIndex = 0; path = WeAsean2UITests.xctest; sourceTree = BUILT_PRODUCTS_DIR; };
		88CC394A20F48AAF00A67C55 /* WeAsean2UITests.swift */ = {isa = PBXFileReference; lastKnownFileType = sourcecode.swift; path = WeAsean2UITests.swift; sourceTree = "<group>"; };
		88CC394C20F48AAF00A67C55 /* Info.plist */ = {isa = PBXFileReference; lastKnownFileType = text.plist.xml; path = Info.plist; sourceTree = "<group>"; };
		88CC395A20F4929900A67C55 /* SecondPageControllerViewController.swift */ = {isa = PBXFileReference; lastKnownFileType = sourcecode.swift; path = SecondPageControllerViewController.swift; sourceTree = "<group>"; };
		9EE875652ED58A3E4513DB64 /* Pods-WeAsean2.debug.xcconfig */ = {isa = PBXFileReference; includeInIndex = 1; lastKnownFileType = text.xcconfig; name = "Pods-WeAsean2.debug.xcconfig"; path = "Pods/Target Support Files/Pods-WeAsean2/Pods-WeAsean2.debug.xcconfig"; sourceTree = "<group>"; };
		BA3E08E5DE38080639141BE5 /* Pods-WeAsean2UITests.release.xcconfig */ = {isa = PBXFileReference; includeInIndex = 1; lastKnownFileType = text.xcconfig; name = "Pods-WeAsean2UITests.release.xcconfig"; path = "Pods/Target Support Files/Pods-WeAsean2UITests/Pods-WeAsean2UITests.release.xcconfig"; sourceTree = "<group>"; };
/* End PBXFileReference section */

/* Begin PBXFrameworksBuildPhase section */
		88CC392420F48AAD00A67C55 /* Frameworks */ = {
			isa = PBXFrameworksBuildPhase;
			buildActionMask = 2147483647;
			files = (
				71E318A0F9F51C22964D44CF /* Pods_WeAsean2.framework in Frameworks */,
			);
			runOnlyForDeploymentPostprocessing = 0;
		};
		88CC393820F48AAF00A67C55 /* Frameworks */ = {
			isa = PBXFrameworksBuildPhase;
			buildActionMask = 2147483647;
			files = (
				B47639DB495F80CBDA89746B /* Pods_WeAsean2Tests.framework in Frameworks */,
			);
			runOnlyForDeploymentPostprocessing = 0;
		};
		88CC394320F48AAF00A67C55 /* Frameworks */ = {
			isa = PBXFrameworksBuildPhase;
			buildActionMask = 2147483647;
			files = (
				9B1623E61AFFEE4D1ECDA1E4 /* Pods_WeAsean2UITests.framework in Frameworks */,
			);
			runOnlyForDeploymentPostprocessing = 0;
		};
/* End PBXFrameworksBuildPhase section */

/* Begin PBXGroup section */
		1CBF1676477E9C64D4CC4F3A /* Pods */ = {
			isa = PBXGroup;
			children = (
				9EE875652ED58A3E4513DB64 /* Pods-WeAsean2.debug.xcconfig */,
				4DD0930C083798BF701471D1 /* Pods-WeAsean2.release.xcconfig */,
				112809F27507A14376748614 /* Pods-WeAsean2Tests.debug.xcconfig */,
				51DF769043DE2A323F527239 /* Pods-WeAsean2Tests.release.xcconfig */,
				2DB57DD62100AEDADBE4DA2E /* Pods-WeAsean2UITests.debug.xcconfig */,
				BA3E08E5DE38080639141BE5 /* Pods-WeAsean2UITests.release.xcconfig */,
			);
			name = Pods;
			sourceTree = "<group>";
		};
		7637E902668F55EDE2237FF2 /* Frameworks */ = {
			isa = PBXGroup;
			children = (
				41555CE32A3EF3BA61267C7A /* Pods_WeAsean2.framework */,
				5F99FD3107726E0519457898 /* Pods_WeAsean2Tests.framework */,
				65CED234AFCDD9E6F9D1D870 /* Pods_WeAsean2UITests.framework */,
			);
			name = Frameworks;
			sourceTree = "<group>";
		};
		88CC391E20F48AAD00A67C55 = {
			isa = PBXGroup;
			children = (
				883A8AAC20F6FF170081FB9F /* Default-568h@2x.png */,
				88CC392920F48AAD00A67C55 /* WeAsean2 */,
				88CC393E20F48AAF00A67C55 /* WeAsean2Tests */,
				88CC394920F48AAF00A67C55 /* WeAsean2UITests */,
				88CC392820F48AAD00A67C55 /* Products */,
				1CBF1676477E9C64D4CC4F3A /* Pods */,
				7637E902668F55EDE2237FF2 /* Frameworks */,
			);
			sourceTree = "<group>";
		};
		88CC392820F48AAD00A67C55 /* Products */ = {
			isa = PBXGroup;
			children = (
				88CC392720F48AAD00A67C55 /* WeAsean2.app */,
				88CC393B20F48AAF00A67C55 /* WeAsean2Tests.xctest */,
				88CC394620F48AAF00A67C55 /* WeAsean2UITests.xctest */,
			);
			name = Products;
			sourceTree = "<group>";
		};
		88CC392920F48AAD00A67C55 /* WeAsean2 */ = {
			isa = PBXGroup;
			children = (
				8805EF5120F748E700C12C2F /* TabBarController.swift */,
				883A8AAA20F6F4B50081FB9F /* OverviewViewController.swift */,
				88CC392A20F48AAD00A67C55 /* AppDelegate.swift */,
				88CC395A20F4929900A67C55 /* SecondPageControllerViewController.swift */,
				88CC392C20F48AAD00A67C55 /* ViewController.swift */,
				88CC392E20F48AAD00A67C55 /* Main.storyboard */,
				88CC393120F48AAF00A67C55 /* Assets.xcassets */,
				88CC393320F48AAF00A67C55 /* LaunchScreen.storyboard */,
				88CC393620F48AAF00A67C55 /* Info.plist */,
				88708C8520F5A0FB0033D693 /* ThirdPageViewController.swift */,
				8890C65120F843C600FDE409 /* CustomPageController.swift */,
				8890C65320F8464900FDE409 /* ContentViewController.swift */,
				881B042520F885F600D0B017 /* ImageCollectionViewCell.swift */,
			);
			path = WeAsean2;
			sourceTree = "<group>";
		};
		88CC393E20F48AAF00A67C55 /* WeAsean2Tests */ = {
			isa = PBXGroup;
			children = (
				88CC393F20F48AAF00A67C55 /* WeAsean2Tests.swift */,
				88CC394120F48AAF00A67C55 /* Info.plist */,
			);
			path = WeAsean2Tests;
			sourceTree = "<group>";
		};
		88CC394920F48AAF00A67C55 /* WeAsean2UITests */ = {
			isa = PBXGroup;
			children = (
				88CC394A20F48AAF00A67C55 /* WeAsean2UITests.swift */,
				88CC394C20F48AAF00A67C55 /* Info.plist */,
			);
			path = WeAsean2UITests;
			sourceTree = "<group>";
		};
/* End PBXGroup section */

/* Begin PBXNativeTarget section */
		88CC392620F48AAD00A67C55 /* WeAsean2 */ = {
			isa = PBXNativeTarget;
			buildConfigurationList = 88CC394F20F48AAF00A67C55 /* Build configuration list for PBXNativeTarget "WeAsean2" */;
			buildPhases = (
				22223EFD7A544C4BDC6B963A /* [CP] Check Pods Manifest.lock */,
				88CC392320F48AAD00A67C55 /* Sources */,
				88CC392420F48AAD00A67C55 /* Frameworks */,
				88CC392520F48AAD00A67C55 /* Resources */,
				BC40B6D2E25FB3DAA42F1975 /* [CP] Embed Pods Frameworks */,
			);
			buildRules = (
			);
			dependencies = (
			);
			name = WeAsean2;
			productName = WeAsean2;
			productReference = 88CC392720F48AAD00A67C55 /* WeAsean2.app */;
			productType = "com.apple.product-type.application";
		};
		88CC393A20F48AAF00A67C55 /* WeAsean2Tests */ = {
			isa = PBXNativeTarget;
			buildConfigurationList = 88CC395220F48AAF00A67C55 /* Build configuration list for PBXNativeTarget "WeAsean2Tests" */;
			buildPhases = (
				9F7A014FCD48ED1E4DE2F823 /* [CP] Check Pods Manifest.lock */,
				88CC393720F48AAF00A67C55 /* Sources */,
				88CC393820F48AAF00A67C55 /* Frameworks */,
				88CC393920F48AAF00A67C55 /* Resources */,
				8D1CB6A3CBE2642A3781D738 /* [CP] Embed Pods Frameworks */,
			);
			buildRules = (
			);
			dependencies = (
				88CC393D20F48AAF00A67C55 /* PBXTargetDependency */,
			);
			name = WeAsean2Tests;
			productName = WeAsean2Tests;
			productReference = 88CC393B20F48AAF00A67C55 /* WeAsean2Tests.xctest */;
			productType = "com.apple.product-type.bundle.unit-test";
		};
		88CC394520F48AAF00A67C55 /* WeAsean2UITests */ = {
			isa = PBXNativeTarget;
			buildConfigurationList = 88CC395520F48AAF00A67C55 /* Build configuration list for PBXNativeTarget "WeAsean2UITests" */;
			buildPhases = (
				20D1122045A48BF7B1463D5A /* [CP] Check Pods Manifest.lock */,
				88CC394220F48AAF00A67C55 /* Sources */,
				88CC394320F48AAF00A67C55 /* Frameworks */,
				88CC394420F48AAF00A67C55 /* Resources */,
				B0052CE9D07C90C52DDEB0A6 /* [CP] Embed Pods Frameworks */,
			);
			buildRules = (
			);
			dependencies = (
				88CC394820F48AAF00A67C55 /* PBXTargetDependency */,
			);
			name = WeAsean2UITests;
			productName = WeAsean2UITests;
			productReference = 88CC394620F48AAF00A67C55 /* WeAsean2UITests.xctest */;
			productType = "com.apple.product-type.bundle.ui-testing";
		};
/* End PBXNativeTarget section */

/* Begin PBXProject section */
		88CC391F20F48AAD00A67C55 /* Project object */ = {
			isa = PBXProject;
			attributes = {
				LastSwiftUpdateCheck = 0940;
				LastUpgradeCheck = 0940;
				ORGANIZATIONNAME = SPHIERE;
				TargetAttributes = {
					88CC392620F48AAD00A67C55 = {
						CreatedOnToolsVersion = 9.4.1;
					};
					88CC393A20F48AAF00A67C55 = {
						CreatedOnToolsVersion = 9.4.1;
						TestTargetID = 88CC392620F48AAD00A67C55;
					};
					88CC394520F48AAF00A67C55 = {
						CreatedOnToolsVersion = 9.4.1;
						TestTargetID = 88CC392620F48AAD00A67C55;
					};
				};
			};
			buildConfigurationList = 88CC392220F48AAD00A67C55 /* Build configuration list for PBXProject "WeAsean2" */;
			compatibilityVersion = "Xcode 9.3";
			developmentRegion = en;
			hasScannedForEncodings = 0;
			knownRegions = (
				en,
				Base,
			);
			mainGroup = 88CC391E20F48AAD00A67C55;
			productRefGroup = 88CC392820F48AAD00A67C55 /* Products */;
			projectDirPath = "";
			projectRoot = "";
			targets = (
				88CC392620F48AAD00A67C55 /* WeAsean2 */,
				88CC393A20F48AAF00A67C55 /* WeAsean2Tests */,
				88CC394520F48AAF00A67C55 /* WeAsean2UITests */,
			);
		};
/* End PBXProject section */

/* Begin PBXResourcesBuildPhase section */
		88CC392520F48AAD00A67C55 /* Resources */ = {
			isa = PBXResourcesBuildPhase;
			buildActionMask = 2147483647;
			files = (
				88CC393520F48AAF00A67C55 /* LaunchScreen.storyboard in Resources */,
				883A8AAD20F6FF170081FB9F /* Default-568h@2x.png in Resources */,
				88CC393220F48AAF00A67C55 /* Assets.xcassets in Resources */,
				88CC393020F48AAD00A67C55 /* Main.storyboard in Resources */,
			);
			runOnlyForDeploymentPostprocessing = 0;
		};
		88CC393920F48AAF00A67C55 /* Resources */ = {
			isa = PBXResourcesBuildPhase;
			buildActionMask = 2147483647;
			files = (
			);
			runOnlyForDeploymentPostprocessing = 0;
		};
		88CC394420F48AAF00A67C55 /* Resources */ = {
			isa = PBXResourcesBuildPhase;
			buildActionMask = 2147483647;
			files = (
			);
			runOnlyForDeploymentPostprocessing = 0;
		};
/* End PBXResourcesBuildPhase section */

/* Begin PBXShellScriptBuildPhase section */
		20D1122045A48BF7B1463D5A /* [CP] Check Pods Manifest.lock */ = {
			isa = PBXShellScriptBuildPhase;
			buildActionMask = 2147483647;
			files = (
			);
			inputPaths = (
				"${PODS_PODFILE_DIR_PATH}/Podfile.lock",
				"${PODS_ROOT}/Manifest.lock",
			);
			name = "[CP] Check Pods Manifest.lock";
			outputPaths = (
				"$(DERIVED_FILE_DIR)/Pods-WeAsean2UITests-checkManifestLockResult.txt",
			);
			runOnlyForDeploymentPostprocessing = 0;
			shellPath = /bin/sh;
			shellScript = "diff \"${PODS_PODFILE_DIR_PATH}/Podfile.lock\" \"${PODS_ROOT}/Manifest.lock\" > /dev/null\nif [ $? != 0 ] ; then\n    # print error to STDERR\n    echo \"error: The sandbox is not in sync with the Podfile.lock. Run 'pod install' or update your CocoaPods installation.\" >&2\n    exit 1\nfi\n# This output is used by Xcode 'outputs' to avoid re-running this script phase.\necho \"SUCCESS\" > \"${SCRIPT_OUTPUT_FILE_0}\"\n";
			showEnvVarsInLog = 0;
		};
		22223EFD7A544C4BDC6B963A /* [CP] Check Pods Manifest.lock */ = {
			isa = PBXShellScriptBuildPhase;
			buildActionMask = 2147483647;
			files = (
			);
			inputPaths = (
				"${PODS_PODFILE_DIR_PATH}/Podfile.lock",
				"${PODS_ROOT}/Manifest.lock",
			);
			name = "[CP] Check Pods Manifest.lock";
			outputPaths = (
				"$(DERIVED_FILE_DIR)/Pods-WeAsean2-checkManifestLockResult.txt",
			);
			runOnlyForDeploymentPostprocessing = 0;
			shellPath = /bin/sh;
			shellScript = "diff \"${PODS_PODFILE_DIR_PATH}/Podfile.lock\" \"${PODS_ROOT}/Manifest.lock\" > /dev/null\nif [ $? != 0 ] ; then\n    # print error to STDERR\n    echo \"error: The sandbox is not in sync with the Podfile.lock. Run 'pod install' or update your CocoaPods installation.\" >&2\n    exit 1\nfi\n# This output is used by Xcode 'outputs' to avoid re-running this script phase.\necho \"SUCCESS\" > \"${SCRIPT_OUTPUT_FILE_0}\"\n";
			showEnvVarsInLog = 0;
		};
		8D1CB6A3CBE2642A3781D738 /* [CP] Embed Pods Frameworks */ = {
			isa = PBXShellScriptBuildPhase;
			buildActionMask = 2147483647;
			files = (
			);
			inputPaths = (
				"${SRCROOT}/Pods/Target Support Files/Pods-WeAsean2Tests/Pods-WeAsean2Tests-frameworks.sh",
				"${BUILT_PRODUCTS_DIR}/PageController/PageController.framework",
			);
			name = "[CP] Embed Pods Frameworks";
			outputPaths = (
				"${TARGET_BUILD_DIR}/${FRAMEWORKS_FOLDER_PATH}/PageController.framework",
			);
			runOnlyForDeploymentPostprocessing = 0;
			shellPath = /bin/sh;
			shellScript = "\"${SRCROOT}/Pods/Target Support Files/Pods-WeAsean2Tests/Pods-WeAsean2Tests-frameworks.sh\"\n";
			showEnvVarsInLog = 0;
		};
		9F7A014FCD48ED1E4DE2F823 /* [CP] Check Pods Manifest.lock */ = {
			isa = PBXShellScriptBuildPhase;
			buildActionMask = 2147483647;
			files = (
			);
			inputPaths = (
				"${PODS_PODFILE_DIR_PATH}/Podfile.lock",
				"${PODS_ROOT}/Manifest.lock",
			);
			name = "[CP] Check Pods Manifest.lock";
			outputPaths = (
				"$(DERIVED_FILE_DIR)/Pods-WeAsean2Tests-checkManifestLockResult.txt",
			);
			runOnlyForDeploymentPostprocessing = 0;
			shellPath = /bin/sh;
			shellScript = "diff \"${PODS_PODFILE_DIR_PATH}/Podfile.lock\" \"${PODS_ROOT}/Manifest.lock\" > /dev/null\nif [ $? != 0 ] ; then\n    # print error to STDERR\n    echo \"error: The sandbox is not in sync with the Podfile.lock. Run 'pod install' or update your CocoaPods installation.\" >&2\n    exit 1\nfi\n# This output is used by Xcode 'outputs' to avoid re-running this script phase.\necho \"SUCCESS\" > \"${SCRIPT_OUTPUT_FILE_0}\"\n";
			showEnvVarsInLog = 0;
		};
		B0052CE9D07C90C52DDEB0A6 /* [CP] Embed Pods Frameworks */ = {
			isa = PBXShellScriptBuildPhase;
			buildActionMask = 2147483647;
			files = (
			);
			inputPaths = (
				"${SRCROOT}/Pods/Target Support Files/Pods-WeAsean2UITests/Pods-WeAsean2UITests-frameworks.sh",
				"${BUILT_PRODUCTS_DIR}/PageController/PageController.framework",
			);
			name = "[CP] Embed Pods Frameworks";
			outputPaths = (
				"${TARGET_BUILD_DIR}/${FRAMEWORKS_FOLDER_PATH}/PageController.framework",
			);
			runOnlyForDeploymentPostprocessing = 0;
			shellPath = /bin/sh;
			shellScript = "\"${SRCROOT}/Pods/Target Support Files/Pods-WeAsean2UITests/Pods-WeAsean2UITests-frameworks.sh\"\n";
			showEnvVarsInLog = 0;
		};
		BC40B6D2E25FB3DAA42F1975 /* [CP] Embed Pods Frameworks */ = {
			isa = PBXShellScriptBuildPhase;
			buildActionMask = 2147483647;
			files = (
			);
			inputPaths = (
				"${SRCROOT}/Pods/Target Support Files/Pods-WeAsean2/Pods-WeAsean2-frameworks.sh",
				"${BUILT_PRODUCTS_DIR}/PageController/PageController.framework",
			);
			name = "[CP] Embed Pods Frameworks";
			outputPaths = (
				"${TARGET_BUILD_DIR}/${FRAMEWORKS_FOLDER_PATH}/PageController.framework",
			);
			runOnlyForDeploymentPostprocessing = 0;
			shellPath = /bin/sh;
			shellScript = "\"${SRCROOT}/Pods/Target Support Files/Pods-WeAsean2/Pods-WeAsean2-frameworks.sh\"\n";
			showEnvVarsInLog = 0;
		};
/* End PBXShellScriptBuildPhase section */

/* Begin PBXSourcesBuildPhase section */
		88CC392320F48AAD00A67C55 /* Sources */ = {
			isa = PBXSourcesBuildPhase;
			buildActionMask = 2147483647;
			files = (
				8890C65420F8464900FDE409 /* ContentViewController.swift in Sources */,
				88CC395B20F4929900A67C55 /* SecondPageControllerViewController.swift in Sources */,
				8890C65220F843C600FDE409 /* CustomPageController.swift in Sources */,
				88CC392D20F48AAD00A67C55 /* ViewController.swift in Sources */,
				883A8AAB20F6F4B50081FB9F /* OverviewViewController.swift in Sources */,
				8805EF5220F748E800C12C2F /* TabBarController.swift in Sources */,
				881B042620F885F600D0B017 /* ImageCollectionViewCell.swift in Sources */,
				88CC392B20F48AAD00A67C55 /* AppDelegate.swift in Sources */,
				88708C8620F5A0FB0033D693 /* ThirdPageViewController.swift in Sources */,
			);
			runOnlyForDeploymentPostprocessing = 0;
		};
		88CC393720F48AAF00A67C55 /* Sources */ = {
			isa = PBXSourcesBuildPhase;
			buildActionMask = 2147483647;
			files = (
				88CC394020F48AAF00A67C55 /* WeAsean2Tests.swift in Sources */,
			);
			runOnlyForDeploymentPostprocessing = 0;
		};
		88CC394220F48AAF00A67C55 /* Sources */ = {
			isa = PBXSourcesBuildPhase;
			buildActionMask = 2147483647;
			files = (
				88CC394B20F48AAF00A67C55 /* WeAsean2UITests.swift in Sources */,
			);
			runOnlyForDeploymentPostprocessing = 0;
		};
/* End PBXSourcesBuildPhase section */

/* Begin PBXTargetDependency section */
		88CC393D20F48AAF00A67C55 /* PBXTargetDependency */ = {
			isa = PBXTargetDependency;
			target = 88CC392620F48AAD00A67C55 /* WeAsean2 */;
			targetProxy = 88CC393C20F48AAF00A67C55 /* PBXContainerItemProxy */;
		};
		88CC394820F48AAF00A67C55 /* PBXTargetDependency */ = {
			isa = PBXTargetDependency;
			target = 88CC392620F48AAD00A67C55 /* WeAsean2 */;
			targetProxy = 88CC394720F48AAF00A67C55 /* PBXContainerItemProxy */;
		};
/* End PBXTargetDependency section */

/* Begin PBXVariantGroup section */
		88CC392E20F48AAD00A67C55 /* Main.storyboard */ = {
			isa = PBXVariantGroup;
			children = (
				88CC392F20F48AAD00A67C55 /* Base */,
			);
			name = Main.storyboard;
			sourceTree = "<group>";
		};
		88CC393320F48AAF00A67C55 /* LaunchScreen.storyboard */ = {
			isa = PBXVariantGroup;
			children = (
				88CC393420F48AAF00A67C55 /* Base */,
			);
			name = LaunchScreen.storyboard;
			sourceTree = "<group>";
		};
/* End PBXVariantGroup section */

/* Begin XCBuildConfiguration section */
		88CC394D20F48AAF00A67C55 /* Debug */ = {
			isa = XCBuildConfiguration;
			buildSettings = {
				ALWAYS_SEARCH_USER_PATHS = NO;
				CLANG_ANALYZER_NONNULL = YES;
				CLANG_ANALYZER_NUMBER_OBJECT_CONVERSION = YES_AGGRESSIVE;
				CLANG_CXX_LANGUAGE_STANDARD = "gnu++14";
				CLANG_CXX_LIBRARY = "libc++";
				CLANG_ENABLE_MODULES = YES;
				CLANG_ENABLE_OBJC_ARC = YES;
				CLANG_ENABLE_OBJC_WEAK = YES;
				CLANG_WARN_BLOCK_CAPTURE_AUTORELEASING = YES;
				CLANG_WARN_BOOL_CONVERSION = YES;
				CLANG_WARN_COMMA = YES;
				CLANG_WARN_CONSTANT_CONVERSION = YES;
				CLANG_WARN_DEPRECATED_OBJC_IMPLEMENTATIONS = YES;
				CLANG_WARN_DIRECT_OBJC_ISA_USAGE = YES_ERROR;
				CLANG_WARN_DOCUMENTATION_COMMENTS = YES;
				CLANG_WARN_EMPTY_BODY = YES;
				CLANG_WARN_ENUM_CONVERSION = YES;
				CLANG_WARN_INFINITE_RECURSION = YES;
				CLANG_WARN_INT_CONVERSION = YES;
				CLANG_WARN_NON_LITERAL_NULL_CONVERSION = YES;
				CLANG_WARN_OBJC_IMPLICIT_RETAIN_SELF = YES;
				CLANG_WARN_OBJC_LITERAL_CONVERSION = YES;
				CLANG_WARN_OBJC_ROOT_CLASS = YES_ERROR;
				CLANG_WARN_RANGE_LOOP_ANALYSIS = YES;
				CLANG_WARN_STRICT_PROTOTYPES = YES;
				CLANG_WARN_SUSPICIOUS_MOVE = YES;
				CLANG_WARN_UNGUARDED_AVAILABILITY = YES_AGGRESSIVE;
				CLANG_WARN_UNREACHABLE_CODE = YES;
				CLANG_WARN__DUPLICATE_METHOD_MATCH = YES;
				CODE_SIGN_IDENTITY = "iPhone Developer";
				COPY_PHASE_STRIP = NO;
				DEBUG_INFORMATION_FORMAT = dwarf;
				ENABLE_STRICT_OBJC_MSGSEND = YES;
				ENABLE_TESTABILITY = YES;
				GCC_C_LANGUAGE_STANDARD = gnu11;
				GCC_DYNAMIC_NO_PIC = NO;
				GCC_NO_COMMON_BLOCKS = YES;
				GCC_OPTIMIZATION_LEVEL = 0;
				GCC_PREPROCESSOR_DEFINITIONS = (
					"DEBUG=1",
					"$(inherited)",
				);
				GCC_WARN_64_TO_32_BIT_CONVERSION = YES;
				GCC_WARN_ABOUT_RETURN_TYPE = YES_ERROR;
				GCC_WARN_UNDECLARED_SELECTOR = YES;
				GCC_WARN_UNINITIALIZED_AUTOS = YES_AGGRESSIVE;
				GCC_WARN_UNUSED_FUNCTION = YES;
				GCC_WARN_UNUSED_VARIABLE = YES;
				IPHONEOS_DEPLOYMENT_TARGET = 11.4;
				MTL_ENABLE_DEBUG_INFO = YES;
				ONLY_ACTIVE_ARCH = YES;
				SDKROOT = iphoneos;
				SWIFT_ACTIVE_COMPILATION_CONDITIONS = DEBUG;
				SWIFT_OPTIMIZATION_LEVEL = "-Onone";
			};
			name = Debug;
		};
		88CC394E20F48AAF00A67C55 /* Release */ = {
			isa = XCBuildConfiguration;
			buildSettings = {
				ALWAYS_SEARCH_USER_PATHS = NO;
				CLANG_ANALYZER_NONNULL = YES;
				CLANG_ANALYZER_NUMBER_OBJECT_CONVERSION = YES_AGGRESSIVE;
				CLANG_CXX_LANGUAGE_STANDARD = "gnu++14";
				CLANG_CXX_LIBRARY = "libc++";
				CLANG_ENABLE_MODULES = YES;
				CLANG_ENABLE_OBJC_ARC = YES;
				CLANG_ENABLE_OBJC_WEAK = YES;
				CLANG_WARN_BLOCK_CAPTURE_AUTORELEASING = YES;
				CLANG_WARN_BOOL_CONVERSION = YES;
				CLANG_WARN_COMMA = YES;
				CLANG_WARN_CONSTANT_CONVERSION = YES;
				CLANG_WARN_DEPRECATED_OBJC_IMPLEMENTATIONS = YES;
				CLANG_WARN_DIRECT_OBJC_ISA_USAGE = YES_ERROR;
				CLANG_WARN_DOCUMENTATION_COMMENTS = YES;
				CLANG_WARN_EMPTY_BODY = YES;
				CLANG_WARN_ENUM_CONVERSION = YES;
				CLANG_WARN_INFINITE_RECURSION = YES;
				CLANG_WARN_INT_CONVERSION = YES;
				CLANG_WARN_NON_LITERAL_NULL_CONVERSION = YES;
				CLANG_WARN_OBJC_IMPLICIT_RETAIN_SELF = YES;
				CLANG_WARN_OBJC_LITERAL_CONVERSION = YES;
				CLANG_WARN_OBJC_ROOT_CLASS = YES_ERROR;
				CLANG_WARN_RANGE_LOOP_ANALYSIS = YES;
				CLANG_WARN_STRICT_PROTOTYPES = YES;
				CLANG_WARN_SUSPICIOUS_MOVE = YES;
				CLANG_WARN_UNGUARDED_AVAILABILITY = YES_AGGRESSIVE;
				CLANG_WARN_UNREACHABLE_CODE = YES;
				CLANG_WARN__DUPLICATE_METHOD_MATCH = YES;
				CODE_SIGN_IDENTITY = "iPhone Developer";
				COPY_PHASE_STRIP = NO;
				DEBUG_INFORMATION_FORMAT = "dwarf-with-dsym";
				ENABLE_NS_ASSERTIONS = NO;
				ENABLE_STRICT_OBJC_MSGSEND = YES;
				GCC_C_LANGUAGE_STANDARD = gnu11;
				GCC_NO_COMMON_BLOCKS = YES;
				GCC_WARN_64_TO_32_BIT_CONVERSION = YES;
				GCC_WARN_ABOUT_RETURN_TYPE = YES_ERROR;
				GCC_WARN_UNDECLARED_SELECTOR = YES;
				GCC_WARN_UNINITIALIZED_AUTOS = YES_AGGRESSIVE;
				GCC_WARN_UNUSED_FUNCTION = YES;
				GCC_WARN_UNUSED_VARIABLE = YES;
				IPHONEOS_DEPLOYMENT_TARGET = 11.4;
				MTL_ENABLE_DEBUG_INFO = NO;
				SDKROOT = iphoneos;
				SWIFT_COMPILATION_MODE = wholemodule;
				SWIFT_OPTIMIZATION_LEVEL = "-O";
				VALIDATE_PRODUCT = YES;
			};
			name = Release;
		};
		88CC395020F48AAF00A67C55 /* Debug */ = {
			isa = XCBuildConfiguration;
			baseConfigurationReference = 9EE875652ED58A3E4513DB64 /* Pods-WeAsean2.debug.xcconfig */;
			buildSettings = {
				ASSETCATALOG_COMPILER_APPICON_NAME = AppIcon;
				CODE_SIGN_STYLE = Automatic;
				INFOPLIST_FILE = WeAsean2/Info.plist;
				LD_RUNPATH_SEARCH_PATHS = (
					"$(inherited)",
					"@executable_path/Frameworks",
				);
				PRODUCT_BUNDLE_IDENTIFIER = SPHIERE.WeAsean2;
				PRODUCT_NAME = "$(TARGET_NAME)";
				SWIFT_VERSION = 4.0;
				TARGETED_DEVICE_FAMILY = "1,2";
			};
			name = Debug;
		};
		88CC395120F48AAF00A67C55 /* Release */ = {
			isa = XCBuildConfiguration;
			baseConfigurationReference = 4DD0930C083798BF701471D1 /* Pods-WeAsean2.release.xcconfig */;
			buildSettings = {
				ASSETCATALOG_COMPILER_APPICON_NAME = AppIcon;
				CODE_SIGN_STYLE = Automatic;
				INFOPLIST_FILE = WeAsean2/Info.plist;
				LD_RUNPATH_SEARCH_PATHS = (
					"$(inherited)",
					"@executable_path/Frameworks",
				);
				PRODUCT_BUNDLE_IDENTIFIER = SPHIERE.WeAsean2;
				PRODUCT_NAME = "$(TARGET_NAME)";
				SWIFT_VERSION = 4.0;
				TARGETED_DEVICE_FAMILY = "1,2";
			};
			name = Release;
		};
		88CC395320F48AAF00A67C55 /* Debug */ = {
			isa = XCBuildConfiguration;
			baseConfigurationReference = 112809F27507A14376748614 /* Pods-WeAsean2Tests.debug.xcconfig */;
			buildSettings = {
				ALWAYS_EMBED_SWIFT_STANDARD_LIBRARIES = YES;
				BUNDLE_LOADER = "$(TEST_HOST)";
				CODE_SIGN_STYLE = Automatic;
				INFOPLIST_FILE = WeAsean2Tests/Info.plist;
				LD_RUNPATH_SEARCH_PATHS = (
					"$(inherited)",
					"@executable_path/Frameworks",
					"@loader_path/Frameworks",
				);
				PRODUCT_BUNDLE_IDENTIFIER = SPHIERE.WeAsean2Tests;
				PRODUCT_NAME = "$(TARGET_NAME)";
				SWIFT_VERSION = 4.0;
				TARGETED_DEVICE_FAMILY = "1,2";
				TEST_HOST = "$(BUILT_PRODUCTS_DIR)/WeAsean2.app/WeAsean2";
			};
			name = Debug;
		};
		88CC395420F48AAF00A67C55 /* Release */ = {
			isa = XCBuildConfiguration;
			baseConfigurationReference = 51DF769043DE2A323F527239 /* Pods-WeAsean2Tests.release.xcconfig */;
			buildSettings = {
				ALWAYS_EMBED_SWIFT_STANDARD_LIBRARIES = YES;
				BUNDLE_LOADER = "$(TEST_HOST)";
				CODE_SIGN_STYLE = Automatic;
				INFOPLIST_FILE = WeAsean2Tests/Info.plist;
				LD_RUNPATH_SEARCH_PATHS = (
					"$(inherited)",
					"@executable_path/Frameworks",
					"@loader_path/Frameworks",
				);
				PRODUCT_BUNDLE_IDENTIFIER = SPHIERE.WeAsean2Tests;
				PRODUCT_NAME = "$(TARGET_NAME)";
				SWIFT_VERSION = 4.0;
				TARGETED_DEVICE_FAMILY = "1,2";
				TEST_HOST = "$(BUILT_PRODUCTS_DIR)/WeAsean2.app/WeAsean2";
			};
			name = Release;
		};
		88CC395620F48AAF00A67C55 /* Debug */ = {
			isa = XCBuildConfiguration;
			baseConfigurationReference = 2DB57DD62100AEDADBE4DA2E /* Pods-WeAsean2UITests.debug.xcconfig */;
			buildSettings = {
				ALWAYS_EMBED_SWIFT_STANDARD_LIBRARIES = YES;
				CODE_SIGN_STYLE = Automatic;
				INFOPLIST_FILE = WeAsean2UITests/Info.plist;
				LD_RUNPATH_SEARCH_PATHS = (
					"$(inherited)",
					"@executable_path/Frameworks",
					"@loader_path/Frameworks",
				);
				PRODUCT_BUNDLE_IDENTIFIER = SPHIERE.WeAsean2UITests;
				PRODUCT_NAME = "$(TARGET_NAME)";
				SWIFT_VERSION = 4.0;
				TARGETED_DEVICE_FAMILY = "1,2";
				TEST_TARGET_NAME = WeAsean2;
			};
			name = Debug;
		};
		88CC395720F48AAF00A67C55 /* Release */ = {
			isa = XCBuildConfiguration;
			baseConfigurationReference = BA3E08E5DE38080639141BE5 /* Pods-WeAsean2UITests.release.xcconfig */;
			buildSettings = {
				ALWAYS_EMBED_SWIFT_STANDARD_LIBRARIES = YES;
				CODE_SIGN_STYLE = Automatic;
				INFOPLIST_FILE = WeAsean2UITests/Info.plist;
				LD_RUNPATH_SEARCH_PATHS = (
					"$(inherited)",
					"@executable_path/Frameworks",
					"@loader_path/Frameworks",
				);
				PRODUCT_BUNDLE_IDENTIFIER = SPHIERE.WeAsean2UITests;
				PRODUCT_NAME = "$(TARGET_NAME)";
				SWIFT_VERSION = 4.0;
				TARGETED_DEVICE_FAMILY = "1,2";
				TEST_TARGET_NAME = WeAsean2;
			};
			name = Release;
		};
/* End XCBuildConfiguration section */

/* Begin XCConfigurationList section */
		88CC392220F48AAD00A67C55 /* Build configuration list for PBXProject "WeAsean2" */ = {
			isa = XCConfigurationList;
			buildConfigurations = (
				88CC394D20F48AAF00A67C55 /* Debug */,
				88CC394E20F48AAF00A67C55 /* Release */,
			);
			defaultConfigurationIsVisible = 0;
			defaultConfigurationName = Release;
		};
		88CC394F20F48AAF00A67C55 /* Build configuration list for PBXNativeTarget "WeAsean2" */ = {
			isa = XCConfigurationList;
			buildConfigurations = (
				88CC395020F48AAF00A67C55 /* Debug */,
				88CC395120F48AAF00A67C55 /* Release */,
			);
			defaultConfigurationIsVisible = 0;
			defaultConfigurationName = Release;
		};
		88CC395220F48AAF00A67C55 /* Build configuration list for PBXNativeTarget "WeAsean2Tests" */ = {
			isa = XCConfigurationList;
			buildConfigurations = (
				88CC395320F48AAF00A67C55 /* Debug */,
				88CC395420F48AAF00A67C55 /* Release */,
			);
			defaultConfigurationIsVisible = 0;
			defaultConfigurationName = Release;
		};
		88CC395520F48AAF00A67C55 /* Build configuration list for PBXNativeTarget "WeAsean2UITests" */ = {
			isa = XCConfigurationList;
			buildConfigurations = (
				88CC395620F48AAF00A67C55 /* Debug */,
				88CC395720F48AAF00A67C55 /* Release */,
			);
			defaultConfigurationIsVisible = 0;
			defaultConfigurationName = Release;
		};
/* End XCConfigurationList section */
	};
	rootObject = 88CC391F20F48AAD00A67C55 /* Project object */;
}
